
Microsoft Visual Studio Solution File, Format Version 12.00
# Visual Studio 15
VisualStudioVersion = 15.0.27130.2003
MinimumVisualStudioVersion = 10.0.40219.1
Project("{FAE04EC0-301F-11D3-BF4B-00C04F79EFBC}") = "littleSearch", "littleSearch\littleSearch.csproj", "{EA6C174A-739C-4511-8A66-2C2B64459952}"
EndProject
Global
	GlobalSection(SolutionConfigurationPlatforms) = preSolution
		Debug|Any CPU = Debug|Any CPU
		Release|Any CPU = Release|Any CPU
	EndGlobalSection
	GlobalSection(ProjectConfigurationPlatforms) = postSolution
		{EA6C174A-739C-4511-8A66-2C2B64459952}.Debug|Any CPU.ActiveCfg = Debug|Any CPU
		{EA6C174A-739C-4511-8A66-2C2B64459952}.Debug|Any CPU.Build.0 = Debug|Any CPU
		{EA6C174A-739C-4511-8A66-2C2B64459952}.Release|Any CPU.ActiveCfg = Release|Any CPU
		{EA6C174A-739C-4511-8A66-2C2B64459952}.Release|Any CPU.Build.0 = Release|Any CPU
	EndGlobalSection
	GlobalSection(SolutionProperties) = preSolution
		HideSolutionNode = FALSE
	EndGlobalSection
	GlobalSection(ExtensibilityGlobals) = postSolution
		SolutionGuid = {2FE7351F-3954-4099-BC9D-D6C4DDBE858B}
	EndGlobalSection
EndGlobal
